
Microsoft Visual Studio Solution File, Format Version 12.00
# Visual Studio 14
VisualStudioVersion = 14.0.25420.1
MinimumVisualStudioVersion = 10.0.40219.1
Project("{FAE04EC0-301F-11D3-BF4B-00C04F79EFBC}") = "CM3D2.MaidFiddler.Hook", "CM3D2.MaidFiddler.Hook\CM3D2.MaidFiddler.Hook.csproj", "{A3F0FE97-ED5D-4DDB-AF6C-539AEEB236A3}"
EndProject
Project("{FAE04EC0-301F-11D3-BF4B-00C04F79EFBC}") = "CM3D2.MaidFiddler.Plugin", "CM3D2.MaidFiddler.Plugin\CM3D2.MaidFiddler.Plugin.csproj", "{EC3467DD-F6D9-4CA6-8C51-B1202E2D357F}"
EndProject
Project("{FAE04EC0-301F-11D3-BF4B-00C04F79EFBC}") = "CM3D2.MaidFiddler.Patch", "CM3D2.MaidFiddler.Patch\CM3D2.MaidFiddler.Patch.csproj", "{BBD5579E-067E-41D6-99E0-505BE3F2ADEA}"
EndProject
Project("{2150E333-8FDC-42A3-9474-1A3956D46DE8}") = "Solution Items", "Solution Items", "{37BF97CC-ED7E-4EEA-9C11-576E86427F29}"
	ProjectSection(SolutionItems) = preProject
		LICENSE.txt = LICENSE.txt
	EndProjectSection
EndProject
Project("{FAE04EC0-301F-11D3-BF4B-00C04F79EFBC}") = "CM3D2.MaidFiddler.Sybaris.Patcher", "CM3D2.MaidFiddler.Sybaris.Patch\CM3D2.MaidFiddler.Sybaris.Patcher.csproj", "{538BB761-A1B8-48FE-8024-30F8A5FDDE68}"
EndProject
Project("{FAE04EC0-301F-11D3-BF4B-00C04F79EFBC}") = "CM3D2.MaidFiddler.WPF", "CM3D2.MaidFiddler.WPF\CM3D2.MaidFiddler.WPF.csproj", "{6117A292-D70B-4F34-804D-25A17A9DB4B0}"
EndProject
Global
	GlobalSection(SolutionConfigurationPlatforms) = preSolution
		Debug|Any CPU = Debug|Any CPU
		Release|Any CPU = Release|Any CPU
	EndGlobalSection
	GlobalSection(ProjectConfigurationPlatforms) = postSolution
		{A3F0FE97-ED5D-4DDB-AF6C-539AEEB236A3}.Debug|Any CPU.ActiveCfg = Debug|Any CPU
		{A3F0FE97-ED5D-4DDB-AF6C-539AEEB236A3}.Debug|Any CPU.Build.0 = Debug|Any CPU
		{A3F0FE97-ED5D-4DDB-AF6C-539AEEB236A3}.Release|Any CPU.ActiveCfg = Release|Any CPU
		{A3F0FE97-ED5D-4DDB-AF6C-539AEEB236A3}.Release|Any CPU.Build.0 = Release|Any CPU
		{EC3467DD-F6D9-4CA6-8C51-B1202E2D357F}.Debug|Any CPU.ActiveCfg = Debug|Any CPU
		{EC3467DD-F6D9-4CA6-8C51-B1202E2D357F}.Debug|Any CPU.Build.0 = Debug|Any CPU
		{EC3467DD-F6D9-4CA6-8C51-B1202E2D357F}.Release|Any CPU.ActiveCfg = Release|Any CPU
		{EC3467DD-F6D9-4CA6-8C51-B1202E2D357F}.Release|Any CPU.Build.0 = Release|Any CPU
		{BBD5579E-067E-41D6-99E0-505BE3F2ADEA}.Debug|Any CPU.ActiveCfg = Debug|Any CPU
		{BBD5579E-067E-41D6-99E0-505BE3F2ADEA}.Debug|Any CPU.Build.0 = Debug|Any CPU
		{BBD5579E-067E-41D6-99E0-505BE3F2ADEA}.Release|Any CPU.ActiveCfg = Release|Any CPU
		{BBD5579E-067E-41D6-99E0-505BE3F2ADEA}.Release|Any CPU.Build.0 = Release|Any CPU
		{538BB761-A1B8-48FE-8024-30F8A5FDDE68}.Debug|Any CPU.ActiveCfg = Debug|Any CPU
		{538BB761-A1B8-48FE-8024-30F8A5FDDE68}.Debug|Any CPU.Build.0 = Debug|Any CPU
		{538BB761-A1B8-48FE-8024-30F8A5FDDE68}.Release|Any CPU.ActiveCfg = Release|Any CPU
		{538BB761-A1B8-48FE-8024-30F8A5FDDE68}.Release|Any CPU.Build.0 = Release|Any CPU
		{6117A292-D70B-4F34-804D-25A17A9DB4B0}.Debug|Any CPU.ActiveCfg = Debug|Any CPU
		{6117A292-D70B-4F34-804D-25A17A9DB4B0}.Debug|Any CPU.Build.0 = Debug|Any CPU
		{6117A292-D70B-4F34-804D-25A17A9DB4B0}.Release|Any CPU.ActiveCfg = Release|Any CPU
		{6117A292-D70B-4F34-804D-25A17A9DB4B0}.Release|Any CPU.Build.0 = Release|Any CPU
	EndGlobalSection
	GlobalSection(SolutionProperties) = preSolution
		HideSolutionNode = FALSE
	EndGlobalSection
EndGlobal
